PODS:
  - AFNetworkActivityLogger (2.0.4):
    - AFNetworking/NSURLConnection (~> 2.0)
    - AFNetworking/NSURLSession (~> 2.0)
  - AFNetworking (2.4.1):
    - AFNetworking/NSURLConnection (= 2.4.1)
    - AFNetworking/NSURLSession (= 2.4.1)
    - AFNetworking/Reachability (= 2.4.1)
    - AFNetworking/Security (= 2.4.1)
    - AFNetworking/Serialization (= 2.4.1)
    - AFNetworking/UIKit (= 2.4.1)
  - AFNetworking/NSURLConnection (2.4.1):
    - AFNetworking/Reachability
    - AFNetworking/Security
    - AFNetworking/Serialization
  - AFNetworking/NSURLSession (2.4.1):
    - AFNetworking/Reachability
    - AFNetworking/Security
    - AFNetworking/Serialization
  - AFNetworking/Reachability (2.4.1)
  - AFNetworking/Security (2.4.1)
  - AFNetworking/Serialization (2.4.1)
  - AFNetworking/UIKit (2.4.1):
    - AFNetworking/NSURLConnection
    - AFNetworking/NSURLSession
  - AFNetworking2-RACExtensions (0.0.1):
    - AFNetworking (~> 2.0)
    - ReactiveCocoa (~> 2.0)
  - ReactiveCocoa (2.5):
    - ReactiveCocoa/UI (= 2.5)
  - ReactiveCocoa/Core (2.5):
    - ReactiveCocoa/no-arc
  - ReactiveCocoa/no-arc (2.5)
  - ReactiveCocoa/UI (2.5):
    - ReactiveCocoa/Core

DEPENDENCIES:
  - AFNetworkActivityLogger (~> 2.0.3)
  - AFNetworking (~> 2.4.1)
  - AFNetworking2-RACExtensions (~> 0.0)
  - ReactiveCocoa (= 2.5)

SPEC REPOS:
  https://github.com/cocoapods/specs.git:
    - AFNetworkActivityLogger
    - AFNetworking
    - AFNetworking2-RACExtensions
    - ReactiveCocoa

SPEC CHECKSUMS:
  AFNetworkActivityLogger: 121486778117d53b3ab1c61d264b88081d0c3eee
  AFNetworking: 41d45d2c14219af0fa5addf3cfd433a002c13c9f
  AFNetworking2-RACExtensions: 7da57313a9cdd9d32b4ed17ea35d59dfd084df83
  ReactiveCocoa: e2db045570aa97c695e7aa97c2bcab222ae51f4a

PODFILE CHECKSUM: 0debdf604abf271f4f54f3dcf4a9d8c07141f45c

COCOAPODS: 1.5.3
